
Microsoft Visual Studio Solution File, Format Version 12.00
# Visual Studio Version 17
VisualStudioVersion = 17.2.32602.215
MinimumVisualStudioVersion = 10.0.40219.1
Project("{FAE04EC0-301F-11D3-BF4B-00C04F79EFBC}") = "OAuthMicrosoft", "OAuthMicrosoft\OAuthMicrosoft.csproj", "{96AB5200-95A6-4975-9DD7-6EB4E16A7E3F}"
EndProject
Global
	GlobalSection(SolutionConfigurationPlatforms) = preSolution
		Debug|Any CPU = Debug|Any CPU
		Release|Any CPU = Release|Any CPU
	EndGlobalSection
	GlobalSection(ProjectConfigurationPlatforms) = postSolution
		{96AB5200-95A6-4975-9DD7-6EB4E16A7E3F}.Debug|Any CPU.ActiveCfg = Debug|Any CPU
		{96AB5200-95A6-4975-9DD7-6EB4E16A7E3F}.Debug|Any CPU.Build.0 = Debug|Any CPU
		{96AB5200-95A6-4975-9DD7-6EB4E16A7E3F}.Release|Any CPU.ActiveCfg = Release|Any CPU
		{96AB5200-95A6-4975-9DD7-6EB4E16A7E3F}.Release|Any CPU.Build.0 = Release|Any CPU
	EndGlobalSection
	GlobalSection(SolutionProperties) = preSolution
		HideSolutionNode = FALSE
	EndGlobalSection
	GlobalSection(ExtensibilityGlobals) = postSolution
		SolutionGuid = {21A8C84F-218E-43D7-93BB-58ACD3D57812}
	EndGlobalSection
EndGlobal
